// !$*UTF8*$!
{
	archiveVersion = 1;
	classes = {
	};
	objectVersion = 48;
	objects = {

/* Begin PBXBuildFile section */
		59E30278A1EB094F229C1999 /* Pods_Storage_On_Firebase.framework in Frameworks */ = {isa = PBXBuildFile; fileRef = 5CC4DD47350971644786BC94 /* Pods_Storage_On_Firebase.framework */; };
		5A407B3B1F25739A00684CC9 /* AppDelegate.swift in Sources */ = {isa = PBXBuildFile; fileRef = 5A407B3A1F25739A00684CC9 /* AppDelegate.swift */; };
		5A407B3D1F25739A00684CC9 /* ViewController.swift in Sources */ = {isa = PBXBuildFile; fileRef = 5A407B3C1F25739A00684CC9 /* ViewController.swift */; };
		5A407B401F25739A00684CC9 /* Main.storyboard in Resources */ = {isa = PBXBuildFile; fileRef = 5A407B3E1F25739A00684CC9 /* Main.storyboard */; };
		5A407B421F25739A00684CC9 /* Assets.xcassets in Resources */ = {isa = PBXBuildFile; fileRef = 5A407B411F25739A00684CC9 /* Assets.xcassets */; };
		5A407B451F25739A00684CC9 /* LaunchScreen.storyboard in Resources */ = {isa = PBXBuildFile; fileRef = 5A407B431F25739A00684CC9 /* LaunchScreen.storyboard */; };
		5A57D4911F257EDC00FD7F10 /* GoogleService-Info.plist in Resources */ = {isa = PBXBuildFile; fileRef = 5A57D4901F257EDC00FD7F10 /* GoogleService-Info.plist */; };
/* End PBXBuildFile section */

/* Begin PBXFileReference section */
		3E140B98D1C0A925BE8C8F62 /* Pods-Storage On Firebase.debug.xcconfig */ = {isa = PBXFileReference; includeInIndex = 1; lastKnownFileType = text.xcconfig; name = "Pods-Storage On Firebase.debug.xcconfig"; path = "Pods/Target Support Files/Pods-Storage On Firebase/Pods-Storage On Firebase.debug.xcconfig"; sourceTree = "<group>"; };
		5A407B371F25739A00684CC9 /* Storage On Firebase.app */ = {isa = PBXFileReference; explicitFileType = wrapper.application; includeInIndex = 0; path = "Storage On Firebase.app"; sourceTree = BUILT_PRODUCTS_DIR; };
		5A407B3A1F25739A00684CC9 /* AppDelegate.swift */ = {isa = PBXFileReference; lastKnownFileType = sourcecode.swift; path = AppDelegate.swift; sourceTree = "<group>"; };
		5A407B3C1F25739A00684CC9 /* ViewController.swift */ = {isa = PBXFileReference; lastKnownFileType = sourcecode.swift; path = ViewController.swift; sourceTree = "<group>"; };
		5A407B3F1F25739A00684CC9 /* Base */ = {isa = PBXFileReference; lastKnownFileType = file.storyboard; name = Base; path = Base.lproj/Main.storyboard; sourceTree = "<group>"; };
		5A407B411F25739A00684CC9 /* Assets.xcassets */ = {isa = PBXFileReference; lastKnownFileType = folder.assetcatalog; path = Assets.xcassets; sourceTree = "<group>"; };
		5A407B441F25739A00684CC9 /* Base */ = {isa = PBXFileReference; lastKnownFileType = file.storyboard; name = Base; path = Base.lproj/LaunchScreen.storyboard; sourceTree = "<group>"; };
		5A407B461F25739A00684CC9 /* Info.plist */ = {isa = PBXFileReference; lastKnownFileType = text.plist.xml; path = Info.plist; sourceTree = "<group>"; };
		5A57D4901F257EDC00FD7F10 /* GoogleService-Info.plist */ = {isa = PBXFileReference; fileEncoding = 4; lastKnownFileType = text.plist.xml; name = "GoogleService-Info.plist"; path = "../../../../Downloads/GoogleService-Info.plist"; sourceTree = "<group>"; };
		5CC4DD47350971644786BC94 /* Pods_Storage_On_Firebase.framework */ = {isa = PBXFileReference; explicitFileType = wrapper.framework; includeInIndex = 0; path = Pods_Storage_On_Firebase.framework; sourceTree = BUILT_PRODUCTS_DIR; };
		F52C29ECEEFB07ED78D361AF /* Pods-Storage On Firebase.release.xcconfig */ = {isa = PBXFileReference; includeInIndex = 1; lastKnownFileType = text.xcconfig; name = "Pods-Storage On Firebase.release.xcconfig"; path = "Pods/Target Support Files/Pods-Storage On Firebase/Pods-Storage On Firebase.release.xcconfig"; sourceTree = "<group>"; };
/* End PBXFileReference section */

/* Begin PBXFrameworksBuildPhase section */
		5A407B341F25739A00684CC9 /* Frameworks */ = {
			isa = PBXFrameworksBuildPhase;
			buildActionMask = 2147483647;
			files = (
				59E30278A1EB094F229C1999 /* Pods_Storage_On_Firebase.framework in Frameworks */,
			);
			runOnlyForDeploymentPostprocessing = 0;
		};
/* End PBXFrameworksBuildPhase section */

/* Begin PBXGroup section */
		08B0EA418C4D5E306C2AED06 /* Pods */ = {
			isa = PBXGroup;
			children = (
				3E140B98D1C0A925BE8C8F62 /* Pods-Storage On Firebase.debug.xcconfig */,
				F52C29ECEEFB07ED78D361AF /* Pods-Storage On Firebase.release.xcconfig */,
			);
			name = Pods;
			sourceTree = "<group>";
		};
		5A407B2E1F25739A00684CC9 = {
			isa = PBXGroup;
			children = (
				5A407B391F25739A00684CC9 /* Storage On Firebase */,
				5A407B381F25739A00684CC9 /* Products */,
				08B0EA418C4D5E306C2AED06 /* Pods */,
				FDF4E99395898184A0CC5D2F /* Frameworks */,
			);
			sourceTree = "<group>";
		};
		5A407B381F25739A00684CC9 /* Products */ = {
			isa = PBXGroup;
			children = (
				5A407B371F25739A00684CC9 /* Storage On Firebase.app */,
			);
			name = Products;
			sourceTree = "<group>";
		};
		5A407B391F25739A00684CC9 /* Storage On Firebase */ = {
			isa = PBXGroup;
			children = (
				5A407B3A1F25739A00684CC9 /* AppDelegate.swift */,
				5A407B3C1F25739A00684CC9 /* ViewController.swift */,
				5A407B3E1F25739A00684CC9 /* Main.storyboard */,
				5A407B411F25739A00684CC9 /* Assets.xcassets */,
				5A407B431F25739A00684CC9 /* LaunchScreen.storyboard */,
				5A407B461F25739A00684CC9 /* Info.plist */,
				5A57D4901F257EDC00FD7F10 /* GoogleService-Info.plist */,
			);
			path = "Storage On Firebase";
			sourceTree = "<group>";
		};
		FDF4E99395898184A0CC5D2F /* Frameworks */ = {
			isa = PBXGroup;
			children = (
				5CC4DD47350971644786BC94 /* Pods_Storage_On_Firebase.framework */,
			);
			name = Frameworks;
			sourceTree = "<group>";
		};
/* End PBXGroup section */

/* Begin PBXNativeTarget section */
		5A407B361F25739A00684CC9 /* Storage On Firebase */ = {
			isa = PBXNativeTarget;
			buildConfigurationList = 5A407B491F25739A00684CC9 /* Build configuration list for PBXNativeTarget "Storage On Firebase" */;
			buildPhases = (
				9A06AC210C8FF84FAB72609C /* [CP] Check Pods Manifest.lock */,
				5A407B331F25739A00684CC9 /* Sources */,
				5A407B341F25739A00684CC9 /* Frameworks */,
				5A407B351F25739A00684CC9 /* Resources */,
				46EA7FC46D97226801B39D4A /* [CP] Embed Pods Frameworks */,
				59969C22F8A95DC9FAF9B430 /* [CP] Copy Pods Resources */,
			);
			buildRules = (
			);
			dependencies = (
			);
			name = "Storage On Firebase";
			productName = "Storage On Firebase";
			productReference = 5A407B371F25739A00684CC9 /* Storage On Firebase.app */;
			productType = "com.apple.product-type.application";
		};
/* End PBXNativeTarget section */

/* Begin PBXProject section */
		5A407B2F1F25739A00684CC9 /* Project object */ = {
			isa = PBXProject;
			attributes = {
				LastSwiftUpdateCheck = 0900;
				LastUpgradeCheck = 0900;
				ORGANIZATIONNAME = "Kyle Lee";
				TargetAttributes = {
					5A407B361F25739A00684CC9 = {
						CreatedOnToolsVersion = 9.0;
					};
				};
			};
			buildConfigurationList = 5A407B321F25739A00684CC9 /* Build configuration list for PBXProject "Storage On Firebase" */;
			compatibilityVersion = "Xcode 8.0";
			developmentRegion = en;
			hasScannedForEncodings = 0;
			knownRegions = (
				en,
				Base,
			);
			mainGroup = 5A407B2E1F25739A00684CC9;
			productRefGroup = 5A407B381F25739A00684CC9 /* Products */;
			projectDirPath = "";
			projectRoot = "";
			targets = (
				5A407B361F25739A00684CC9 /* Storage On Firebase */,
			);
		};
/* End PBXProject section */

/* Begin PBXResourcesBuildPhase section */
		5A407B351F25739A00684CC9 /* Resources */ = {
			isa = PBXResourcesBuildPhase;
			buildActionMask = 2147483647;
			files = (
				5A407B451F25739A00684CC9 /* LaunchScreen.storyboard in Resources */,
				5A407B421F25739A00684CC9 /* Assets.xcassets in Resources */,
				5A57D4911F257EDC00FD7F10 /* GoogleService-Info.plist in Resources */,
				5A407B401F25739A00684CC9 /* Main.storyboard in Resources */,
			);
			runOnlyForDeploymentPostprocessing = 0;
		};
/* End PBXResourcesBuildPhase section */

/* Begin PBXShellScriptBuildPhase section */
		46EA7FC46D97226801B39D4A /* [CP] Embed Pods Frameworks */ = {
			isa = PBXShellScriptBuildPhase;
			buildActionMask = 2147483647;
			files = (
			);
			inputPaths = (
			);
			name = "[CP] Embed Pods Frameworks";
			outputPaths = (
			);
			runOnlyForDeploymentPostprocessing = 0;
			shellPath = /bin/sh;
			shellScript = "\"${SRCROOT}/Pods/Target Support Files/Pods-Storage On Firebase/Pods-Storage On Firebase-frameworks.sh\"\n";
			showEnvVarsInLog = 0;
		};
		59969C22F8A95DC9FAF9B430 /* [CP] Copy Pods Resources */ = {
			isa = PBXShellScriptBuildPhase;
			buildActionMask = 2147483647;
			files = (
			);
			inputPaths = (
			);
			name = "[CP] Copy Pods Resources";
			outputPaths = (
			);
			runOnlyForDeploymentPostprocessing = 0;
			shellPath = /bin/sh;
			shellScript = "\"${SRCROOT}/Pods/Target Support Files/Pods-Storage On Firebase/Pods-Storage On Firebase-resources.sh\"\n";
			showEnvVarsInLog = 0;
		};
		9A06AC210C8FF84FAB72609C /* [CP] Check Pods Manifest.lock */ = {
			isa = PBXShellScriptBuildPhase;
			buildActionMask = 2147483647;
			files = (
			);
			inputPaths = (
			);
			name = "[CP] Check Pods Manifest.lock";
			outputPaths = (
			);
			runOnlyForDeploymentPostprocessing = 0;
			shellPath = /bin/sh;
			shellScript = "diff \"${PODS_ROOT}/../Podfile.lock\" \"${PODS_ROOT}/Manifest.lock\" > /dev/null\nif [ $? != 0 ] ; then\n    # print error to STDERR\n    echo \"error: The sandbox is not in sync with the Podfile.lock. Run 'pod install' or update your CocoaPods installation.\" >&2\n    exit 1\nfi\n";
			showEnvVarsInLog = 0;
		};
/* End PBXShellScriptBuildPhase section */

/* Begin PBXSourcesBuildPhase section */
		5A407B331F25739A00684CC9 /* Sources */ = {
			isa = PBXSourcesBuildPhase;
			buildActionMask = 2147483647;
			files = (
				5A407B3D1F25739A00684CC9 /* ViewController.swift in Sources */,
				5A407B3B1F25739A00684CC9 /* AppDelegate.swift in Sources */,
			);
			runOnlyForDeploymentPostprocessing = 0;
		};
/* End PBXSourcesBuildPhase section */

/* Begin PBXVariantGroup section */
		5A407B3E1F25739A00684CC9 /* Main.storyboard */ = {
			isa = PBXVariantGroup;
			children = (
				5A407B3F1F25739A00684CC9 /* Base */,
			);
			name = Main.storyboard;
			sourceTree = "<group>";
		};
		5A407B431F25739A00684CC9 /* LaunchScreen.storyboard */ = {
			isa = PBXVariantGroup;
			children = (
				5A407B441F25739A00684CC9 /* Base */,
			);
			name = LaunchScreen.storyboard;
			sourceTree = "<group>";
		};
/* End PBXVariantGroup section */

/* Begin XCBuildConfiguration section */
		5A407B471F25739A00684CC9 /* Debug */ = {
			isa = XCBuildConfiguration;
			buildSettings = {
				ALWAYS_SEARCH_USER_PATHS = NO;
				CLANG_ANALYZER_NONNULL = YES;
				CLANG_ANALYZER_NUMBER_OBJECT_CONVERSION = YES_AGGRESSIVE;
				CLANG_CXX_LANGUAGE_STANDARD = "gnu++14";
				CLANG_CXX_LIBRARY = "libc++";
				CLANG_ENABLE_MODULES = YES;
				CLANG_ENABLE_OBJC_ARC = YES;
				CLANG_WARN_BLOCK_CAPTURE_AUTORELEASING = YES;
				CLANG_WARN_BOOL_CONVERSION = YES;
				CLANG_WARN_COMMA = YES;
				CLANG_WARN_CONSTANT_CONVERSION = YES;
				CLANG_WARN_DIRECT_OBJC_ISA_USAGE = YES_ERROR;
				CLANG_WARN_DOCUMENTATION_COMMENTS = YES;
				CLANG_WARN_EMPTY_BODY = YES;
				CLANG_WARN_ENUM_CONVERSION = YES;
				CLANG_WARN_INFINITE_RECURSION = YES;
				CLANG_WARN_INT_CONVERSION = YES;
				CLANG_WARN_OBJC_ROOT_CLASS = YES_ERROR;
				CLANG_WARN_RANGE_LOOP_ANALYSIS = YES;
				CLANG_WARN_STRICT_PROTOTYPES = YES;
				CLANG_WARN_SUSPICIOUS_MOVE = YES;
				CLANG_WARN_UNGUARDED_AVAILABILITY = YES_AGGRESSIVE;
				CLANG_WARN_UNREACHABLE_CODE = YES;
				CLANG_WARN__DUPLICATE_METHOD_MATCH = YES;
				CODE_SIGN_IDENTITY = "iPhone Developer";
				COPY_PHASE_STRIP = NO;
				DEBUG_INFORMATION_FORMAT = dwarf;
				ENABLE_STRICT_OBJC_MSGSEND = YES;
				ENABLE_TESTABILITY = YES;
				GCC_C_LANGUAGE_STANDARD = gnu11;
				GCC_DYNAMIC_NO_PIC = NO;
				GCC_NO_COMMON_BLOCKS = YES;
				GCC_OPTIMIZATION_LEVEL = 0;
				GCC_PREPROCESSOR_DEFINITIONS = (
					"DEBUG=1",
					"$(inherited)",
				);
				GCC_WARN_64_TO_32_BIT_CONVERSION = YES;
				GCC_WARN_ABOUT_RETURN_TYPE = YES_ERROR;
				GCC_WARN_UNDECLARED_SELECTOR = YES;
				GCC_WARN_UNINITIALIZED_AUTOS = YES_AGGRESSIVE;
				GCC_WARN_UNUSED_FUNCTION = YES;
				GCC_WARN_UNUSED_VARIABLE = YES;
				IPHONEOS_DEPLOYMENT_TARGET = 11.0;
				MTL_ENABLE_DEBUG_INFO = YES;
				ONLY_ACTIVE_ARCH = YES;
				SDKROOT = iphoneos;
				SWIFT_ACTIVE_COMPILATION_CONDITIONS = DEBUG;
				SWIFT_OPTIMIZATION_LEVEL = "-Onone";
			};
			name = Debug;
		};
		5A407B481F25739A00684CC9 /* Release */ = {
			isa = XCBuildConfiguration;
			buildSettings = {
				ALWAYS_SEARCH_USER_PATHS = NO;
				CLANG_ANALYZER_NONNULL = YES;
				CLANG_ANALYZER_NUMBER_OBJECT_CONVERSION = YES_AGGRESSIVE;
				CLANG_CXX_LANGUAGE_STANDARD = "gnu++14";
				CLANG_CXX_LIBRARY = "libc++";
				CLANG_ENABLE_MODULES = YES;
				CLANG_ENABLE_OBJC_ARC = YES;
				CLANG_WARN_BLOCK_CAPTURE_AUTORELEASING = YES;
				CLANG_WARN_BOOL_CONVERSION = YES;
				CLANG_WARN_COMMA = YES;
				CLANG_WARN_CONSTANT_CONVERSION = YES;
				CLANG_WARN_DIRECT_OBJC_ISA_USAGE = YES_ERROR;
				CLANG_WARN_DOCUMENTATION_COMMENTS = YES;
				CLANG_WARN_EMPTY_BODY = YES;
				CLANG_WARN_ENUM_CONVERSION = YES;
				CLANG_WARN_INFINITE_RECURSION = YES;
				CLANG_WARN_INT_CONVERSION = YES;
				CLANG_WARN_OBJC_ROOT_CLASS = YES_ERROR;
				CLANG_WARN_RANGE_LOOP_ANALYSIS = YES;
				CLANG_WARN_STRICT_PROTOTYPES = YES;
				CLANG_WARN_SUSPICIOUS_MOVE = YES;
				CLANG_WARN_UNGUARDED_AVAILABILITY = YES_AGGRESSIVE;
				CLANG_WARN_UNREACHABLE_CODE = YES;
				CLANG_WARN__DUPLICATE_METHOD_MATCH = YES;
				CODE_SIGN_IDENTITY = "iPhone Developer";
				COPY_PHASE_STRIP = NO;
				DEBUG_INFORMATION_FORMAT = "dwarf-with-dsym";
				ENABLE_NS_ASSERTIONS = NO;
				ENABLE_STRICT_OBJC_MSGSEND = YES;
				GCC_C_LANGUAGE_STANDARD = gnu11;
				GCC_NO_COMMON_BLOCKS = YES;
				GCC_WARN_64_TO_32_BIT_CONVERSION = YES;
				GCC_WARN_ABOUT_RETURN_TYPE = YES_ERROR;
				GCC_WARN_UNDECLARED_SELECTOR = YES;
				GCC_WARN_UNINITIALIZED_AUTOS = YES_AGGRESSIVE;
				GCC_WARN_UNUSED_FUNCTION = YES;
				GCC_WARN_UNUSED_VARIABLE = YES;
				IPHONEOS_DEPLOYMENT_TARGET = 11.0;
				MTL_ENABLE_DEBUG_INFO = NO;
				SDKROOT = iphoneos;
				SWIFT_OPTIMIZATION_LEVEL = "-Owholemodule";
				VALIDATE_PRODUCT = YES;
			};
			name = Release;
		};
		5A407B4A1F25739A00684CC9 /* Debug */ = {
			isa = XCBuildConfiguration;
			baseConfigurationReference = 3E140B98D1C0A925BE8C8F62 /* Pods-Storage On Firebase.debug.xcconfig */;
			buildSettings = {
				ASSETCATALOG_COMPILER_APPICON_NAME = AppIcon;
				DEVELOPMENT_TEAM = 5K99777NES;
				INFOPLIST_FILE = "Storage On Firebase/Info.plist";
				LD_RUNPATH_SEARCH_PATHS = "$(inherited) @executable_path/Frameworks";
				PRODUCT_BUNDLE_IDENTIFIER = "com.kiloloco.Storage-On-Firebase";
				PRODUCT_NAME = "$(TARGET_NAME)";
				SWIFT_VERSION = 4.0;
				TARGETED_DEVICE_FAMILY = "1,2";
			};
			name = Debug;
		};
		5A407B4B1F25739A00684CC9 /* Release */ = {
			isa = XCBuildConfiguration;
			baseConfigurationReference = F52C29ECEEFB07ED78D361AF /* Pods-Storage On Firebase.release.xcconfig */;
			buildSettings = {
				ASSETCATALOG_COMPILER_APPICON_NAME = AppIcon;
				DEVELOPMENT_TEAM = 5K99777NES;
				INFOPLIST_FILE = "Storage On Firebase/Info.plist";
				LD_RUNPATH_SEARCH_PATHS = "$(inherited) @executable_path/Frameworks";
				PRODUCT_BUNDLE_IDENTIFIER = "com.kiloloco.Storage-On-Firebase";
				PRODUCT_NAME = "$(TARGET_NAME)";
				SWIFT_VERSION = 4.0;
				TARGETED_DEVICE_FAMILY = "1,2";
			};
			name = Release;
		};
/* End XCBuildConfiguration section */

/* Begin XCConfigurationList section */
		5A407B321F25739A00684CC9 /* Build configuration list for PBXProject "Storage On Firebase" */ = {
			isa = XCConfigurationList;
			buildConfigurations = (
				5A407B471F25739A00684CC9 /* Debug */,
				5A407B481F25739A00684CC9 /* Release */,
			);
			defaultConfigurationIsVisible = 0;
			defaultConfigurationName = Release;
		};
		5A407B491F25739A00684CC9 /* Build configuration list for PBXNativeTarget "Storage On Firebase" */ = {
			isa = XCConfigurationList;
			buildConfigurations = (
				5A407B4A1F25739A00684CC9 /* Debug */,
				5A407B4B1F25739A00684CC9 /* Release */,
			);
			defaultConfigurationIsVisible = 0;
			defaultConfigurationName = Release;
		};
/* End XCConfigurationList section */
	};
	rootObject = 5A407B2F1F25739A00684CC9 /* Project object */;
}
